// !$*UTF8*$!
{
	archiveVersion = 1;
	classes = {
	};
	objectVersion = 46;
	objects = {

/* Begin PBXBuildFile section */
		3F52E1331E6F30C300A6844E /* Carro.swift in Sources */ = {isa = PBXBuildFile; fileRef = 3F52E1321E6F30C300A6844E /* Carro.swift */; };
		3F52E1351E6F317100A6844E /* Usuario.swift in Sources */ = {isa = PBXBuildFile; fileRef = 3F52E1341E6F317100A6844E /* Usuario.swift */; };
		3F52E1371E6F331E00A6844E /* Carona.swift in Sources */ = {isa = PBXBuildFile; fileRef = 3F52E1361E6F331E00A6844E /* Carona.swift */; };
		3F52E1391E6F364700A6844E /* LogInViewController.swift in Sources */ = {isa = PBXBuildFile; fileRef = 3F52E1381E6F364700A6844E /* LogInViewController.swift */; };
		3F52E13E1E6F397600A6844E /* CadastroViewController.swift in Sources */ = {isa = PBXBuildFile; fileRef = 3F52E13D1E6F397600A6844E /* CadastroViewController.swift */; };
		3F52E1401E6F4A8200A6844E /* Sistema.swift in Sources */ = {isa = PBXBuildFile; fileRef = 3F52E13F1E6F4A8200A6844E /* Sistema.swift */; };
		B26068389947003F7DBA7AF8 /* Pods_partiuUfal.framework in Frameworks */ = {isa = PBXBuildFile; fileRef = EBCCC76C70DBB9E4DBA26745 /* Pods_partiuUfal.framework */; };
		CF9A50861E6F37FC009EE1E6 /* MinhasCaronasTableViewController.swift in Sources */ = {isa = PBXBuildFile; fileRef = CF9A50851E6F37FC009EE1E6 /* MinhasCaronasTableViewController.swift */; };
		EA1433981E6A03AA00578F36 /* AppDelegate.swift in Sources */ = {isa = PBXBuildFile; fileRef = EA1433971E6A03AA00578F36 /* AppDelegate.swift */; };
		EA14339D1E6A03AA00578F36 /* Main.storyboard in Resources */ = {isa = PBXBuildFile; fileRef = EA14339B1E6A03AA00578F36 /* Main.storyboard */; };
		EA14339F1E6A03AA00578F36 /* Assets.xcassets in Resources */ = {isa = PBXBuildFile; fileRef = EA14339E1E6A03AA00578F36 /* Assets.xcassets */; };
		EA1433A21E6A03AA00578F36 /* LaunchScreen.storyboard in Resources */ = {isa = PBXBuildFile; fileRef = EA1433A01E6A03AA00578F36 /* LaunchScreen.storyboard */; };
		EA82CD811E6CFC2000C794E9 /* InitialPageViewController.swift in Sources */ = {isa = PBXBuildFile; fileRef = EA82CD801E6CFC2000C794E9 /* InitialPageViewController.swift */; };
/* End PBXBuildFile section */

/* Begin PBXFileReference section */
		3F52E1321E6F30C300A6844E /* Carro.swift */ = {isa = PBXFileReference; fileEncoding = 4; lastKnownFileType = sourcecode.swift; path = Carro.swift; sourceTree = "<group>"; };
		3F52E1341E6F317100A6844E /* Usuario.swift */ = {isa = PBXFileReference; fileEncoding = 4; lastKnownFileType = sourcecode.swift; name = Usuario.swift; path = ../Usuario.swift; sourceTree = "<group>"; };
		3F52E1361E6F331E00A6844E /* Carona.swift */ = {isa = PBXFileReference; fileEncoding = 4; lastKnownFileType = sourcecode.swift; path = Carona.swift; sourceTree = "<group>"; };
		3F52E1381E6F364700A6844E /* LogInViewController.swift */ = {isa = PBXFileReference; fileEncoding = 4; lastKnownFileType = sourcecode.swift; path = LogInViewController.swift; sourceTree = "<group>"; };
		3F52E13D1E6F397600A6844E /* CadastroViewController.swift */ = {isa = PBXFileReference; fileEncoding = 4; lastKnownFileType = sourcecode.swift; name = CadastroViewController.swift; path = ../CadastroViewController.swift; sourceTree = "<group>"; };
		3F52E13F1E6F4A8200A6844E /* Sistema.swift */ = {isa = PBXFileReference; fileEncoding = 4; lastKnownFileType = sourcecode.swift; name = Sistema.swift; path = ../Sistema.swift; sourceTree = "<group>"; };
		C5D537699E7473C6F4F2ECDB /* Pods-partiuUfal.debug.xcconfig */ = {isa = PBXFileReference; includeInIndex = 1; lastKnownFileType = text.xcconfig; name = "Pods-partiuUfal.debug.xcconfig"; path = "Pods/Target Support Files/Pods-partiuUfal/Pods-partiuUfal.debug.xcconfig"; sourceTree = "<group>"; };
		CF9A50851E6F37FC009EE1E6 /* MinhasCaronasTableViewController.swift */ = {isa = PBXFileReference; fileEncoding = 4; lastKnownFileType = sourcecode.swift; path = MinhasCaronasTableViewController.swift; sourceTree = "<group>"; };
		EA1433941E6A03AA00578F36 /* partiuUfal.app */ = {isa = PBXFileReference; explicitFileType = wrapper.application; includeInIndex = 0; path = partiuUfal.app; sourceTree = BUILT_PRODUCTS_DIR; };
		EA1433971E6A03AA00578F36 /* AppDelegate.swift */ = {isa = PBXFileReference; lastKnownFileType = sourcecode.swift; path = AppDelegate.swift; sourceTree = "<group>"; };
		EA14339C1E6A03AA00578F36 /* Base */ = {isa = PBXFileReference; lastKnownFileType = file.storyboard; name = Base; path = Base.lproj/Main.storyboard; sourceTree = "<group>"; };
		EA14339E1E6A03AA00578F36 /* Assets.xcassets */ = {isa = PBXFileReference; lastKnownFileType = folder.assetcatalog; path = Assets.xcassets; sourceTree = "<group>"; };
		EA1433A11E6A03AA00578F36 /* Base */ = {isa = PBXFileReference; lastKnownFileType = file.storyboard; name = Base; path = Base.lproj/LaunchScreen.storyboard; sourceTree = "<group>"; };
		EA1433A31E6A03AA00578F36 /* Info.plist */ = {isa = PBXFileReference; lastKnownFileType = text.plist.xml; path = Info.plist; sourceTree = "<group>"; };
		EA82CD801E6CFC2000C794E9 /* InitialPageViewController.swift */ = {isa = PBXFileReference; fileEncoding = 4; lastKnownFileType = sourcecode.swift; path = InitialPageViewController.swift; sourceTree = "<group>"; };
		EBCCC76C70DBB9E4DBA26745 /* Pods_partiuUfal.framework */ = {isa = PBXFileReference; explicitFileType = wrapper.framework; includeInIndex = 0; path = Pods_partiuUfal.framework; sourceTree = BUILT_PRODUCTS_DIR; };
		F70D812C9A2586E6B3954FFA /* Pods-partiuUfal.release.xcconfig */ = {isa = PBXFileReference; includeInIndex = 1; lastKnownFileType = text.xcconfig; name = "Pods-partiuUfal.release.xcconfig"; path = "Pods/Target Support Files/Pods-partiuUfal/Pods-partiuUfal.release.xcconfig"; sourceTree = "<group>"; };
/* End PBXFileReference section */

/* Begin PBXFrameworksBuildPhase section */
		EA1433911E6A03AA00578F36 /* Frameworks */ = {
			isa = PBXFrameworksBuildPhase;
			buildActionMask = 2147483647;
			files = (
				B26068389947003F7DBA7AF8 /* Pods_partiuUfal.framework in Frameworks */,
			);
			runOnlyForDeploymentPostprocessing = 0;
		};
/* End PBXFrameworksBuildPhase section */

/* Begin PBXGroup section */
		3F52E13A1E6F369600A6844E /* Model */ = {
			isa = PBXGroup;
			children = (
				3F52E1321E6F30C300A6844E /* Carro.swift */,
				3F52E1341E6F317100A6844E /* Usuario.swift */,
				3F52E1361E6F331E00A6844E /* Carona.swift */,
			);
			name = Model;
			sourceTree = "<group>";
		};
		3F52E13B1E6F36A800A6844E /* Controller */ = {
			isa = PBXGroup;
			children = (
				EA82CD801E6CFC2000C794E9 /* InitialPageViewController.swift */,
				CF9A50851E6F37FC009EE1E6 /* MinhasCaronasTableViewController.swift */,
				3F52E13F1E6F4A8200A6844E /* Sistema.swift */,
				3F52E13D1E6F397600A6844E /* CadastroViewController.swift */,
				3F52E1381E6F364700A6844E /* LogInViewController.swift */,
			);
			name = Controller;
			sourceTree = "<group>";
		};
		3F52E13C1E6F36B100A6844E /* View */ = {
			isa = PBXGroup;
			children = (
			);
			name = View;
			sourceTree = "<group>";
		};
		69DF4CF0750043A170C0716D /* Frameworks */ = {
			isa = PBXGroup;
			children = (
				EBCCC76C70DBB9E4DBA26745 /* Pods_partiuUfal.framework */,
			);
			name = Frameworks;
			sourceTree = "<group>";
		};
		E5E220FF4173E93952DEDCB8 /* Pods */ = {
			isa = PBXGroup;
			children = (
				C5D537699E7473C6F4F2ECDB /* Pods-partiuUfal.debug.xcconfig */,
				F70D812C9A2586E6B3954FFA /* Pods-partiuUfal.release.xcconfig */,
			);
			name = Pods;
			sourceTree = "<group>";
		};
		EA14338B1E6A03AA00578F36 = {
			isa = PBXGroup;
			children = (
				EA1433961E6A03AA00578F36 /* partiuUfal */,
				EA1433951E6A03AA00578F36 /* Products */,
				E5E220FF4173E93952DEDCB8 /* Pods */,
				69DF4CF0750043A170C0716D /* Frameworks */,
			);
			sourceTree = "<group>";
		};
		EA1433951E6A03AA00578F36 /* Products */ = {
			isa = PBXGroup;
			children = (
				EA1433941E6A03AA00578F36 /* partiuUfal.app */,
			);
			name = Products;
			sourceTree = "<group>";
		};
		EA1433961E6A03AA00578F36 /* partiuUfal */ = {
			isa = PBXGroup;
			children = (
				3F52E13A1E6F369600A6844E /* Model */,
				EA5954111E6B2FDF0066A6FA /* Supporting Files */,
				EA14339B1E6A03AA00578F36 /* Main.storyboard */,
				3F52E13B1E6F36A800A6844E /* Controller */,
				3F52E13C1E6F36B100A6844E /* View */,
				EA14339E1E6A03AA00578F36 /* Assets.xcassets */,
			);
			path = partiuUfal;
			sourceTree = "<group>";
		};
		EA5954111E6B2FDF0066A6FA /* Supporting Files */ = {
			isa = PBXGroup;
			children = (
				EA1433971E6A03AA00578F36 /* AppDelegate.swift */,
				EA1433A01E6A03AA00578F36 /* LaunchScreen.storyboard */,
				EA1433A31E6A03AA00578F36 /* Info.plist */,
			);
			name = "Supporting Files";
			sourceTree = "<group>";
		};
/* End PBXGroup section */

/* Begin PBXNativeTarget section */
		EA1433931E6A03AA00578F36 /* partiuUfal */ = {
			isa = PBXNativeTarget;
			buildConfigurationList = EA1433A61E6A03AA00578F36 /* Build configuration list for PBXNativeTarget "partiuUfal" */;
			buildPhases = (
				CD2C86E444840CE2BD6E1313 /* [CP] Check Pods Manifest.lock */,
				EA1433901E6A03AA00578F36 /* Sources */,
				EA1433911E6A03AA00578F36 /* Frameworks */,
				EA1433921E6A03AA00578F36 /* Resources */,
				4295EC0B90A12A6103565E86 /* [CP] Embed Pods Frameworks */,
				0493D3A01C23DF8F0B95D24A /* [CP] Copy Pods Resources */,
			);
			buildRules = (
			);
			dependencies = (
			);
			name = partiuUfal;
			productName = partiuUfal;
			productReference = EA1433941E6A03AA00578F36 /* partiuUfal.app */;
			productType = "com.apple.product-type.application";
		};
/* End PBXNativeTarget section */

/* Begin PBXProject section */
		EA14338C1E6A03AA00578F36 /* Project object */ = {
			isa = PBXProject;
			attributes = {
				LastSwiftUpdateCheck = 0820;
				LastUpgradeCheck = 0820;
				ORGANIZATIONNAME = "Rubens Pessoa";
				TargetAttributes = {
					EA1433931E6A03AA00578F36 = {
						CreatedOnToolsVersion = 8.2.1;
						DevelopmentTeam = 3FCFAP98B3;
						ProvisioningStyle = Automatic;
					};
				};
			};
			buildConfigurationList = EA14338F1E6A03AA00578F36 /* Build configuration list for PBXProject "partiuUfal" */;
			compatibilityVersion = "Xcode 3.2";
			developmentRegion = English;
			hasScannedForEncodings = 0;
			knownRegions = (
				en,
				Base,
			);
			mainGroup = EA14338B1E6A03AA00578F36;
			productRefGroup = EA1433951E6A03AA00578F36 /* Products */;
			projectDirPath = "";
			projectRoot = "";
			targets = (
				EA1433931E6A03AA00578F36 /* partiuUfal */,
			);
		};
/* End PBXProject section */

/* Begin PBXResourcesBuildPhase section */
		EA1433921E6A03AA00578F36 /* Resources */ = {
			isa = PBXResourcesBuildPhase;
			buildActionMask = 2147483647;
			files = (
				EA1433A21E6A03AA00578F36 /* LaunchScreen.storyboard in Resources */,
				EA14339F1E6A03AA00578F36 /* Assets.xcassets in Resources */,
				EA14339D1E6A03AA00578F36 /* Main.storyboard in Resources */,
			);
			runOnlyForDeploymentPostprocessing = 0;
		};
/* End PBXResourcesBuildPhase section */

/* Begin PBXShellScriptBuildPhase section */
		0493D3A01C23DF8F0B95D24A /* [CP] Copy Pods Resources */ = {
			isa = PBXShellScriptBuildPhase;
			buildActionMask = 2147483647;
			files = (
			);
			inputPaths = (
			);
			name = "[CP] Copy Pods Resources";
			outputPaths = (
			);
			runOnlyForDeploymentPostprocessing = 0;
			shellPath = /bin/sh;
			shellScript = "\"${SRCROOT}/Pods/Target Support Files/Pods-partiuUfal/Pods-partiuUfal-resources.sh\"\n";
			showEnvVarsInLog = 0;
		};
		4295EC0B90A12A6103565E86 /* [CP] Embed Pods Frameworks */ = {
			isa = PBXShellScriptBuildPhase;
			buildActionMask = 2147483647;
			files = (
			);
			inputPaths = (
			);
			name = "[CP] Embed Pods Frameworks";
			outputPaths = (
			);
			runOnlyForDeploymentPostprocessing = 0;
			shellPath = /bin/sh;
			shellScript = "\"${SRCROOT}/Pods/Target Support Files/Pods-partiuUfal/Pods-partiuUfal-frameworks.sh\"\n";
			showEnvVarsInLog = 0;
		};
		CD2C86E444840CE2BD6E1313 /* [CP] Check Pods Manifest.lock */ = {
			isa = PBXShellScriptBuildPhase;
			buildActionMask = 2147483647;
			files = (
			);
			inputPaths = (
			);
			name = "[CP] Check Pods Manifest.lock";
			outputPaths = (
			);
			runOnlyForDeploymentPostprocessing = 0;
			shellPath = /bin/sh;
			shellScript = "diff \"${PODS_ROOT}/../Podfile.lock\" \"${PODS_ROOT}/Manifest.lock\" > /dev/null\nif [ $? != 0 ] ; then\n    # print error to STDERR\n    echo \"error: The sandbox is not in sync with the Podfile.lock. Run 'pod install' or update your CocoaPods installation.\" >&2\n    exit 1\nfi\n";
			showEnvVarsInLog = 0;
		};
/* End PBXShellScriptBuildPhase section */

/* Begin PBXSourcesBuildPhase section */
		EA1433901E6A03AA00578F36 /* Sources */ = {
			isa = PBXSourcesBuildPhase;
			buildActionMask = 2147483647;
			files = (
				3F52E1371E6F331E00A6844E /* Carona.swift in Sources */,
				3F52E1331E6F30C300A6844E /* Carro.swift in Sources */,
				3F52E1391E6F364700A6844E /* LogInViewController.swift in Sources */,
				EA1433981E6A03AA00578F36 /* AppDelegate.swift in Sources */,
				3F52E1351E6F317100A6844E /* Usuario.swift in Sources */,
				EA82CD811E6CFC2000C794E9 /* InitialPageViewController.swift in Sources */,
				CF9A50861E6F37FC009EE1E6 /* MinhasCaronasTableViewController.swift in Sources */,
				3F52E1401E6F4A8200A6844E /* Sistema.swift in Sources */,
				3F52E13E1E6F397600A6844E /* CadastroViewController.swift in Sources */,
			);
			runOnlyForDeploymentPostprocessing = 0;
		};
/* End PBXSourcesBuildPhase section */

/* Begin PBXVariantGroup section */
		EA14339B1E6A03AA00578F36 /* Main.storyboard */ = {
			isa = PBXVariantGroup;
			children = (
				EA14339C1E6A03AA00578F36 /* Base */,
			);
			name = Main.storyboard;
			sourceTree = "<group>";
		};
		EA1433A01E6A03AA00578F36 /* LaunchScreen.storyboard */ = {
			isa = PBXVariantGroup;
			children = (
				EA1433A11E6A03AA00578F36 /* Base */,
			);
			name = LaunchScreen.storyboard;
			sourceTree = "<group>";
		};
/* End PBXVariantGroup section */

/* Begin XCBuildConfiguration section */
		EA1433A41E6A03AA00578F36 /* Debug */ = {
			isa = XCBuildConfiguration;
			buildSettings = {
				ALWAYS_SEARCH_USER_PATHS = NO;
				CLANG_ANALYZER_NONNULL = YES;
				CLANG_CXX_LANGUAGE_STANDARD = "gnu++0x";
				CLANG_CXX_LIBRARY = "libc++";
				CLANG_ENABLE_MODULES = YES;
				CLANG_ENABLE_OBJC_ARC = YES;
				CLANG_WARN_BOOL_CONVERSION = YES;
				CLANG_WARN_CONSTANT_CONVERSION = YES;
				CLANG_WARN_DIRECT_OBJC_ISA_USAGE = YES_ERROR;
				CLANG_WARN_DOCUMENTATION_COMMENTS = YES;
				CLANG_WARN_EMPTY_BODY = YES;
				CLANG_WARN_ENUM_CONVERSION = YES;
				CLANG_WARN_INFINITE_RECURSION = YES;
				CLANG_WARN_INT_CONVERSION = YES;
				CLANG_WARN_OBJC_ROOT_CLASS = YES_ERROR;
				CLANG_WARN_SUSPICIOUS_MOVE = YES;
				CLANG_WARN_UNREACHABLE_CODE = YES;
				CLANG_WARN__DUPLICATE_METHOD_MATCH = YES;
				"CODE_SIGN_IDENTITY[sdk=iphoneos*]" = "iPhone Developer";
				COPY_PHASE_STRIP = NO;
				DEBUG_INFORMATION_FORMAT = dwarf;
				ENABLE_STRICT_OBJC_MSGSEND = YES;
				ENABLE_TESTABILITY = YES;
				GCC_C_LANGUAGE_STANDARD = gnu99;
				GCC_DYNAMIC_NO_PIC = NO;
				GCC_NO_COMMON_BLOCKS = YES;
				GCC_OPTIMIZATION_LEVEL = 0;
				GCC_PREPROCESSOR_DEFINITIONS = (
					"DEBUG=1",
					"$(inherited)",
				);
				GCC_WARN_64_TO_32_BIT_CONVERSION = YES;
				GCC_WARN_ABOUT_RETURN_TYPE = YES_ERROR;
				GCC_WARN_UNDECLARED_SELECTOR = YES;
				GCC_WARN_UNINITIALIZED_AUTOS = YES_AGGRESSIVE;
				GCC_WARN_UNUSED_FUNCTION = YES;
				GCC_WARN_UNUSED_VARIABLE = YES;
				IPHONEOS_DEPLOYMENT_TARGET = 10.2;
				MTL_ENABLE_DEBUG_INFO = YES;
				ONLY_ACTIVE_ARCH = YES;
				SDKROOT = iphoneos;
				SWIFT_ACTIVE_COMPILATION_CONDITIONS = DEBUG;
				SWIFT_OPTIMIZATION_LEVEL = "-Onone";
				TARGETED_DEVICE_FAMILY = "1,2";
			};
			name = Debug;
		};
		EA1433A51E6A03AA00578F36 /* Release */ = {
			isa = XCBuildConfiguration;
			buildSettings = {
				ALWAYS_SEARCH_USER_PATHS = NO;
				CLANG_ANALYZER_NONNULL = YES;
				CLANG_CXX_LANGUAGE_STANDARD = "gnu++0x";
				CLANG_CXX_LIBRARY = "libc++";
				CLANG_ENABLE_MODULES = YES;
				CLANG_ENABLE_OBJC_ARC = YES;
				CLANG_WARN_BOOL_CONVERSION = YES;
				CLANG_WARN_CONSTANT_CONVERSION = YES;
				CLANG_WARN_DIRECT_OBJC_ISA_USAGE = YES_ERROR;
				CLANG_WARN_DOCUMENTATION_COMMENTS = YES;
				CLANG_WARN_EMPTY_BODY = YES;
				CLANG_WARN_ENUM_CONVERSION = YES;
				CLANG_WARN_INFINITE_RECURSION = YES;
				CLANG_WARN_INT_CONVERSION = YES;
				CLANG_WARN_OBJC_ROOT_CLASS = YES_ERROR;
				CLANG_WARN_SUSPICIOUS_MOVE = YES;
				CLANG_WARN_UNREACHABLE_CODE = YES;
				CLANG_WARN__DUPLICATE_METHOD_MATCH = YES;
				"CODE_SIGN_IDENTITY[sdk=iphoneos*]" = "iPhone Developer";
				COPY_PHASE_STRIP = NO;
				DEBUG_INFORMATION_FORMAT = "dwarf-with-dsym";
				ENABLE_NS_ASSERTIONS = NO;
				ENABLE_STRICT_OBJC_MSGSEND = YES;
				GCC_C_LANGUAGE_STANDARD = gnu99;
				GCC_NO_COMMON_BLOCKS = YES;
				GCC_WARN_64_TO_32_BIT_CONVERSION = YES;
				GCC_WARN_ABOUT_RETURN_TYPE = YES_ERROR;
				GCC_WARN_UNDECLARED_SELECTOR = YES;
				GCC_WARN_UNINITIALIZED_AUTOS = YES_AGGRESSIVE;
				GCC_WARN_UNUSED_FUNCTION = YES;
				GCC_WARN_UNUSED_VARIABLE = YES;
				IPHONEOS_DEPLOYMENT_TARGET = 10.2;
				MTL_ENABLE_DEBUG_INFO = NO;
				SDKROOT = iphoneos;
				SWIFT_OPTIMIZATION_LEVEL = "-Owholemodule";
				TARGETED_DEVICE_FAMILY = "1,2";
				VALIDATE_PRODUCT = YES;
			};
			name = Release;
		};
		EA1433A71E6A03AA00578F36 /* Debug */ = {
			isa = XCBuildConfiguration;
			baseConfigurationReference = C5D537699E7473C6F4F2ECDB /* Pods-partiuUfal.debug.xcconfig */;
			buildSettings = {
				ASSETCATALOG_COMPILER_APPICON_NAME = AppIcon;
				DEVELOPMENT_TEAM = 3FCFAP98B3;
				INFOPLIST_FILE = partiuUfal/Info.plist;
				LD_RUNPATH_SEARCH_PATHS = "$(inherited) @executable_path/Frameworks";
				PRODUCT_BUNDLE_IDENTIFIER = br.com.pessoa.rubens.partiuUfal;
				PRODUCT_NAME = "$(TARGET_NAME)";
				SWIFT_VERSION = 3.0;
			};
			name = Debug;
		};
		EA1433A81E6A03AA00578F36 /* Release */ = {
			isa = XCBuildConfiguration;
			baseConfigurationReference = F70D812C9A2586E6B3954FFA /* Pods-partiuUfal.release.xcconfig */;
			buildSettings = {
				ASSETCATALOG_COMPILER_APPICON_NAME = AppIcon;
				DEVELOPMENT_TEAM = 3FCFAP98B3;
				INFOPLIST_FILE = partiuUfal/Info.plist;
				LD_RUNPATH_SEARCH_PATHS = "$(inherited) @executable_path/Frameworks";
				PRODUCT_BUNDLE_IDENTIFIER = br.com.pessoa.rubens.partiuUfal;
				PRODUCT_NAME = "$(TARGET_NAME)";
				SWIFT_VERSION = 3.0;
			};
			name = Release;
		};
/* End XCBuildConfiguration section */

/* Begin XCConfigurationList section */
		EA14338F1E6A03AA00578F36 /* Build configuration list for PBXProject "partiuUfal" */ = {
			isa = XCConfigurationList;
			buildConfigurations = (
				EA1433A41E6A03AA00578F36 /* Debug */,
				EA1433A51E6A03AA00578F36 /* Release */,
			);
			defaultConfigurationIsVisible = 0;
			defaultConfigurationName = Release;
		};
		EA1433A61E6A03AA00578F36 /* Build configuration list for PBXNativeTarget "partiuUfal" */ = {
			isa = XCConfigurationList;
			buildConfigurations = (
				EA1433A71E6A03AA00578F36 /* Debug */,
				EA1433A81E6A03AA00578F36 /* Release */,
			);
			defaultConfigurationIsVisible = 0;
			defaultConfigurationName = Release;
		};
/* End XCConfigurationList section */
	};
	rootObject = EA14338C1E6A03AA00578F36 /* Project object */;
}
